
Microsoft Visual Studio Solution File, Format Version 12.00
# Visual Studio Version 16
VisualStudioVersion = 16.0.29306.81
MinimumVisualStudioVersion = 10.0.40219.1
Project("{9A19103F-16F7-4668-BE54-9A1E7A4F7556}") = "BookStore", "src\BookStore\BookStore.csproj", "{893D53F6-2981-4FF1-8396-45E3E95626FB}"
EndProject
Project("{9A19103F-16F7-4668-BE54-9A1E7A4F7556}") = "BookStore.Host", "src\BookStore.Host\BookStore.Host.csproj", "{96B9CB97-B423-4F89-8006-51C171295C89}"
EndProject
Project("{9A19103F-16F7-4668-BE54-9A1E7A4F7556}") = "BookStore.Tests", "tests\BookStore.Tests\BookStore.Tests.csproj", "{84B3F8EE-821F-40B7-AB6F-025161475051}"
EndProject
Global
	GlobalSection(SolutionConfigurationPlatforms) = preSolution
		Debug|Any CPU = Debug|Any CPU
		Release|Any CPU = Release|Any CPU
	EndGlobalSection
	GlobalSection(ProjectConfigurationPlatforms) = postSolution
		{893D53F6-2981-4FF1-8396-45E3E95626FB}.Debug|Any CPU.ActiveCfg = Debug|Any CPU
		{893D53F6-2981-4FF1-8396-45E3E95626FB}.Debug|Any CPU.Build.0 = Debug|Any CPU
		{893D53F6-2981-4FF1-8396-45E3E95626FB}.Release|Any CPU.ActiveCfg = Release|Any CPU
		{893D53F6-2981-4FF1-8396-45E3E95626FB}.Release|Any CPU.Build.0 = Release|Any CPU
		{96B9CB97-B423-4F89-8006-51C171295C89}.Debug|Any CPU.ActiveCfg = Debug|Any CPU
		{96B9CB97-B423-4F89-8006-51C171295C89}.Debug|Any CPU.Build.0 = Debug|Any CPU
		{96B9CB97-B423-4F89-8006-51C171295C89}.Release|Any CPU.ActiveCfg = Release|Any CPU
		{96B9CB97-B423-4F89-8006-51C171295C89}.Release|Any CPU.Build.0 = Release|Any CPU
		{84B3F8EE-821F-40B7-AB6F-025161475051}.Debug|Any CPU.ActiveCfg = Debug|Any CPU
		{84B3F8EE-821F-40B7-AB6F-025161475051}.Debug|Any CPU.Build.0 = Debug|Any CPU
		{84B3F8EE-821F-40B7-AB6F-025161475051}.Release|Any CPU.ActiveCfg = Release|Any CPU
		{84B3F8EE-821F-40B7-AB6F-025161475051}.Release|Any CPU.Build.0 = Release|Any CPU
	EndGlobalSection
	GlobalSection(SolutionProperties) = preSolution
		HideSolutionNode = FALSE
	EndGlobalSection
	GlobalSection(ExtensibilityGlobals) = postSolution
		SolutionGuid = {7BBE5127-92D2-444B-B52C-64AFDBF521AF}
	EndGlobalSection
EndGlobal
